
Microsoft Visual Studio Solution File, Format Version 12.00
# Visual Studio Version 16
VisualStudioVersion = 16.0.31613.86
MinimumVisualStudioVersion = 10.0.40219.1
Project("{FAE04EC0-301F-11D3-BF4B-00C04F79EFBC}") = "ContaBancaria", "ContaBancaria\ContaBancaria.csproj", "{FCB7E8BC-2B5E-42B6-A339-6A409EBB6ED8}"
EndProject
Global
	GlobalSection(SolutionConfigurationPlatforms) = preSolution
		Debug|Any CPU = Debug|Any CPU
		Release|Any CPU = Release|Any CPU
	EndGlobalSection
	GlobalSection(ProjectConfigurationPlatforms) = postSolution
		{FCB7E8BC-2B5E-42B6-A339-6A409EBB6ED8}.Debug|Any CPU.ActiveCfg = Debug|Any CPU
		{FCB7E8BC-2B5E-42B6-A339-6A409EBB6ED8}.Debug|Any CPU.Build.0 = Debug|Any CPU
		{FCB7E8BC-2B5E-42B6-A339-6A409EBB6ED8}.Release|Any CPU.ActiveCfg = Release|Any CPU
		{FCB7E8BC-2B5E-42B6-A339-6A409EBB6ED8}.Release|Any CPU.Build.0 = Release|Any CPU
	EndGlobalSection
	GlobalSection(SolutionProperties) = preSolution
		HideSolutionNode = FALSE
	EndGlobalSection
	GlobalSection(ExtensibilityGlobals) = postSolution
		SolutionGuid = {24416CF5-511E-47A7-8439-8A1F1742ED82}
	EndGlobalSection
EndGlobal
